
Microsoft Visual Studio Solution File, Format Version 12.00
# Visual Studio Version 17
VisualStudioVersion = 17.3.32819.101
MinimumVisualStudioVersion = 10.0.40219.1
Project("{FAE04EC0-301F-11D3-BF4B-00C04F79EFBC}") = "TrainStops", "TrainStops.csproj", "{0F6716F0-C730-4B76-B88B-3BEFDFD7DC28}"
EndProject
Global
	GlobalSection(SolutionConfigurationPlatforms) = preSolution
		Debug|Any CPU = Debug|Any CPU
		Release|Any CPU = Release|Any CPU
	EndGlobalSection
	GlobalSection(ProjectConfigurationPlatforms) = postSolution
		{0F6716F0-C730-4B76-B88B-3BEFDFD7DC28}.Debug|Any CPU.ActiveCfg = Debug|Any CPU
		{0F6716F0-C730-4B76-B88B-3BEFDFD7DC28}.Debug|Any CPU.Build.0 = Debug|Any CPU
		{0F6716F0-C730-4B76-B88B-3BEFDFD7DC28}.Release|Any CPU.ActiveCfg = Release|Any CPU
		{0F6716F0-C730-4B76-B88B-3BEFDFD7DC28}.Release|Any CPU.Build.0 = Release|Any CPU
	EndGlobalSection
	GlobalSection(SolutionProperties) = preSolution
		HideSolutionNode = FALSE
	EndGlobalSection
	GlobalSection(ExtensibilityGlobals) = postSolution
		SolutionGuid = {1C84F39B-9393-4D64-9BF9-D88C021BFE4D}
	EndGlobalSection
EndGlobal
